// !$*UTF8*$!
{
	archiveVersion = 1;
	classes = {
	};
	objectVersion = 50;
	objects = {

/* Begin PBXBuildFile section */
		A920A1EC26A23FC80014F76E /* AppDelegate.swift in Sources */ = {isa = PBXBuildFile; fileRef = A920A1EB26A23FC80014F76E /* AppDelegate.swift */; };
		A920A1EE26A23FC80014F76E /* SceneDelegate.swift in Sources */ = {isa = PBXBuildFile; fileRef = A920A1ED26A23FC80014F76E /* SceneDelegate.swift */; };
		A920A1F026A23FC80014F76E /* WeatherViewController.swift in Sources */ = {isa = PBXBuildFile; fileRef = A920A1EF26A23FC80014F76E /* WeatherViewController.swift */; };
		A920A1F326A23FC80014F76E /* Main.storyboard in Resources */ = {isa = PBXBuildFile; fileRef = A920A1F126A23FC80014F76E /* Main.storyboard */; };
		A920A1F526A23FCA0014F76E /* Assets.xcassets in Resources */ = {isa = PBXBuildFile; fileRef = A920A1F426A23FCA0014F76E /* Assets.xcassets */; };
		A920A1F826A23FCA0014F76E /* LaunchScreen.storyboard in Resources */ = {isa = PBXBuildFile; fileRef = A920A1F626A23FCA0014F76E /* LaunchScreen.storyboard */; };
		A920A20326A24D0D0014F76E /* structDeclarations.swift in Sources */ = {isa = PBXBuildFile; fileRef = A920A20226A24D0D0014F76E /* structDeclarations.swift */; };
		A920A20526A24E0E0014F76E /* WeatherModel.swift in Sources */ = {isa = PBXBuildFile; fileRef = A920A20426A24E0E0014F76E /* WeatherModel.swift */; };
		A920A20726A24FC50014F76E /* Constants.swift in Sources */ = {isa = PBXBuildFile; fileRef = A920A20626A24FC50014F76E /* Constants.swift */; };
		A920A20926A250AC0014F76E /* WeatherManager.swift in Sources */ = {isa = PBXBuildFile; fileRef = A920A20826A250AC0014F76E /* WeatherManager.swift */; };
/* End PBXBuildFile section */

/* Begin PBXFileReference section */
		A920A1E826A23FC80014F76E /* weather app.app */ = {isa = PBXFileReference; explicitFileType = wrapper.application; includeInIndex = 0; path = "weather app.app"; sourceTree = BUILT_PRODUCTS_DIR; };
		A920A1EB26A23FC80014F76E /* AppDelegate.swift */ = {isa = PBXFileReference; lastKnownFileType = sourcecode.swift; path = AppDelegate.swift; sourceTree = "<group>"; };
		A920A1ED26A23FC80014F76E /* SceneDelegate.swift */ = {isa = PBXFileReference; lastKnownFileType = sourcecode.swift; path = SceneDelegate.swift; sourceTree = "<group>"; };
		A920A1EF26A23FC80014F76E /* WeatherViewController.swift */ = {isa = PBXFileReference; lastKnownFileType = sourcecode.swift; path = WeatherViewController.swift; sourceTree = "<group>"; };
		A920A1F226A23FC80014F76E /* Base */ = {isa = PBXFileReference; lastKnownFileType = file.storyboard; name = Base; path = Base.lproj/Main.storyboard; sourceTree = "<group>"; };
		A920A1F426A23FCA0014F76E /* Assets.xcassets */ = {isa = PBXFileReference; lastKnownFileType = folder.assetcatalog; path = Assets.xcassets; sourceTree = "<group>"; };
		A920A1F726A23FCA0014F76E /* Base */ = {isa = PBXFileReference; lastKnownFileType = file.storyboard; name = Base; path = Base.lproj/LaunchScreen.storyboard; sourceTree = "<group>"; };
		A920A1F926A23FCA0014F76E /* Info.plist */ = {isa = PBXFileReference; lastKnownFileType = text.plist.xml; path = Info.plist; sourceTree = "<group>"; };
		A920A20226A24D0D0014F76E /* structDeclarations.swift */ = {isa = PBXFileReference; lastKnownFileType = sourcecode.swift; path = structDeclarations.swift; sourceTree = "<group>"; };
		A920A20426A24E0E0014F76E /* WeatherModel.swift */ = {isa = PBXFileReference; lastKnownFileType = sourcecode.swift; path = WeatherModel.swift; sourceTree = "<group>"; };
		A920A20626A24FC50014F76E /* Constants.swift */ = {isa = PBXFileReference; lastKnownFileType = sourcecode.swift; path = Constants.swift; sourceTree = "<group>"; };
		A920A20826A250AC0014F76E /* WeatherManager.swift */ = {isa = PBXFileReference; lastKnownFileType = sourcecode.swift; path = WeatherManager.swift; sourceTree = "<group>"; };
/* End PBXFileReference section */

/* Begin PBXFrameworksBuildPhase section */
		A920A1E526A23FC80014F76E /* Frameworks */ = {
			isa = PBXFrameworksBuildPhase;
			buildActionMask = 2147483647;
			files = (
			);
			runOnlyForDeploymentPostprocessing = 0;
		};
/* End PBXFrameworksBuildPhase section */

/* Begin PBXGroup section */
		A920A1DF26A23FC80014F76E = {
			isa = PBXGroup;
			children = (
				A920A1EA26A23FC80014F76E /* weather app */,
				A920A1E926A23FC80014F76E /* Products */,
			);
			sourceTree = "<group>";
		};
		A920A1E926A23FC80014F76E /* Products */ = {
			isa = PBXGroup;
			children = (
				A920A1E826A23FC80014F76E /* weather app.app */,
			);
			name = Products;
			sourceTree = "<group>";
		};
		A920A1EA26A23FC80014F76E /* weather app */ = {
			isa = PBXGroup;
			children = (
				A920A1EB26A23FC80014F76E /* AppDelegate.swift */,
				A920A1ED26A23FC80014F76E /* SceneDelegate.swift */,
				A920A1FF26A24C6E0014F76E /* Model */,
				A920A20026A24C870014F76E /* View */,
				A920A20126A24CA10014F76E /* Controller */,
				A920A1F426A23FCA0014F76E /* Assets.xcassets */,
				A920A1F926A23FCA0014F76E /* Info.plist */,
			);
			path = "weather app";
			sourceTree = "<group>";
		};
		A920A1FF26A24C6E0014F76E /* Model */ = {
			isa = PBXGroup;
			children = (
				A920A20226A24D0D0014F76E /* structDeclarations.swift */,
				A920A20426A24E0E0014F76E /* WeatherModel.swift */,
				A920A20626A24FC50014F76E /* Constants.swift */,
				A920A20826A250AC0014F76E /* WeatherManager.swift */,
			);
			path = Model;
			sourceTree = "<group>";
		};
		A920A20026A24C870014F76E /* View */ = {
			isa = PBXGroup;
			children = (
				A920A1F126A23FC80014F76E /* Main.storyboard */,
				A920A1F626A23FCA0014F76E /* LaunchScreen.storyboard */,
			);
			path = View;
			sourceTree = "<group>";
		};
		A920A20126A24CA10014F76E /* Controller */ = {
			isa = PBXGroup;
			children = (
				A920A1EF26A23FC80014F76E /* WeatherViewController.swift */,
			);
			path = Controller;
			sourceTree = "<group>";
		};
/* End PBXGroup section */

/* Begin PBXNativeTarget section */
		A920A1E726A23FC80014F76E /* weather app */ = {
			isa = PBXNativeTarget;
			buildConfigurationList = A920A1FC26A23FCA0014F76E /* Build configuration list for PBXNativeTarget "weather app" */;
			buildPhases = (
				A920A1E426A23FC80014F76E /* Sources */,
				A920A1E526A23FC80014F76E /* Frameworks */,
				A920A1E626A23FC80014F76E /* Resources */,
			);
			buildRules = (
			);
			dependencies = (
			);
			name = "weather app";
			productName = "weather app";
			productReference = A920A1E826A23FC80014F76E /* weather app.app */;
			productType = "com.apple.product-type.application";
		};
/* End PBXNativeTarget section */

/* Begin PBXProject section */
		A920A1E026A23FC80014F76E /* Project object */ = {
			isa = PBXProject;
			attributes = {
				LastSwiftUpdateCheck = 1250;
				LastUpgradeCheck = 1250;
				TargetAttributes = {
					A920A1E726A23FC80014F76E = {
						CreatedOnToolsVersion = 12.5.1;
					};
				};
			};
			buildConfigurationList = A920A1E326A23FC80014F76E /* Build configuration list for PBXProject "weather app" */;
			compatibilityVersion = "Xcode 9.3";
			developmentRegion = en;
			hasScannedForEncodings = 0;
			knownRegions = (
				en,
				Base,
			);
			mainGroup = A920A1DF26A23FC80014F76E;
			productRefGroup = A920A1E926A23FC80014F76E /* Products */;
			projectDirPath = "";
			projectRoot = "";
			targets = (
				A920A1E726A23FC80014F76E /* weather app */,
			);
		};
/* End PBXProject section */

/* Begin PBXResourcesBuildPhase section */
		A920A1E626A23FC80014F76E /* Resources */ = {
			isa = PBXResourcesBuildPhase;
			buildActionMask = 2147483647;
			files = (
				A920A1F826A23FCA0014F76E /* LaunchScreen.storyboard in Resources */,
				A920A1F526A23FCA0014F76E /* Assets.xcassets in Resources */,
				A920A1F326A23FC80014F76E /* Main.storyboard in Resources */,
			);
			runOnlyForDeploymentPostprocessing = 0;
		};
/* End PBXResourcesBuildPhase section */

/* Begin PBXSourcesBuildPhase section */
		A920A1E426A23FC80014F76E /* Sources */ = {
			isa = PBXSourcesBuildPhase;
			buildActionMask = 2147483647;
			files = (
				A920A1F026A23FC80014F76E /* WeatherViewController.swift in Sources */,
				A920A1EC26A23FC80014F76E /* AppDelegate.swift in Sources */,
				A920A1EE26A23FC80014F76E /* SceneDelegate.swift in Sources */,
				A920A20926A250AC0014F76E /* WeatherManager.swift in Sources */,
				A920A20326A24D0D0014F76E /* structDeclarations.swift in Sources */,
				A920A20526A24E0E0014F76E /* WeatherModel.swift in Sources */,
				A920A20726A24FC50014F76E /* Constants.swift in Sources */,
			);
			runOnlyForDeploymentPostprocessing = 0;
		};
/* End PBXSourcesBuildPhase section */

/* Begin PBXVariantGroup section */
		A920A1F126A23FC80014F76E /* Main.storyboard */ = {
			isa = PBXVariantGroup;
			children = (
				A920A1F226A23FC80014F76E /* Base */,
			);
			name = Main.storyboard;
			sourceTree = "<group>";
		};
		A920A1F626A23FCA0014F76E /* LaunchScreen.storyboard */ = {
			isa = PBXVariantGroup;
			children = (
				A920A1F726A23FCA0014F76E /* Base */,
			);
			name = LaunchScreen.storyboard;
			sourceTree = "<group>";
		};
/* End PBXVariantGroup section */

/* Begin XCBuildConfiguration section */
		A920A1FA26A23FCA0014F76E /* Debug */ = {
			isa = XCBuildConfiguration;
			buildSettings = {
				ALWAYS_SEARCH_USER_PATHS = NO;
				CLANG_ANALYZER_NONNULL = YES;
				CLANG_ANALYZER_NUMBER_OBJECT_CONVERSION = YES_AGGRESSIVE;
				CLANG_CXX_LANGUAGE_STANDARD = "gnu++14";
				CLANG_CXX_LIBRARY = "libc++";
				CLANG_ENABLE_MODULES = YES;
				CLANG_ENABLE_OBJC_ARC = YES;
				CLANG_ENABLE_OBJC_WEAK = YES;
				CLANG_WARN_BLOCK_CAPTURE_AUTORELEASING = YES;
				CLANG_WARN_BOOL_CONVERSION = YES;
				CLANG_WARN_COMMA = YES;
				CLANG_WARN_CONSTANT_CONVERSION = YES;
				CLANG_WARN_DEPRECATED_OBJC_IMPLEMENTATIONS = YES;
				CLANG_WARN_DIRECT_OBJC_ISA_USAGE = YES_ERROR;
				CLANG_WARN_DOCUMENTATION_COMMENTS = YES;
				CLANG_WARN_EMPTY_BODY = YES;
				CLANG_WARN_ENUM_CONVERSION = YES;
				CLANG_WARN_INFINITE_RECURSION = YES;
				CLANG_WARN_INT_CONVERSION = YES;
				CLANG_WARN_NON_LITERAL_NULL_CONVERSION = YES;
				CLANG_WARN_OBJC_IMPLICIT_RETAIN_SELF = YES;
				CLANG_WARN_OBJC_LITERAL_CONVERSION = YES;
				CLANG_WARN_OBJC_ROOT_CLASS = YES_ERROR;
				CLANG_WARN_QUOTED_INCLUDE_IN_FRAMEWORK_HEADER = YES;
				CLANG_WARN_RANGE_LOOP_ANALYSIS = YES;
				CLANG_WARN_STRICT_PROTOTYPES = YES;
				CLANG_WARN_SUSPICIOUS_MOVE = YES;
				CLANG_WARN_UNGUARDED_AVAILABILITY = YES_AGGRESSIVE;
				CLANG_WARN_UNREACHABLE_CODE = YES;
				CLANG_WARN__DUPLICATE_METHOD_MATCH = YES;
				COPY_PHASE_STRIP = NO;
				DEBUG_INFORMATION_FORMAT = dwarf;
				ENABLE_STRICT_OBJC_MSGSEND = YES;
				ENABLE_TESTABILITY = YES;
				GCC_C_LANGUAGE_STANDARD = gnu11;
				GCC_DYNAMIC_NO_PIC = NO;
				GCC_NO_COMMON_BLOCKS = YES;
				GCC_OPTIMIZATION_LEVEL = 0;
				GCC_PREPROCESSOR_DEFINITIONS = (
					"DEBUG=1",
					"$(inherited)",
				);
				GCC_WARN_64_TO_32_BIT_CONVERSION = YES;
				GCC_WARN_ABOUT_RETURN_TYPE = YES_ERROR;
				GCC_WARN_UNDECLARED_SELECTOR = YES;
				GCC_WARN_UNINITIALIZED_AUTOS = YES_AGGRESSIVE;
				GCC_WARN_UNUSED_FUNCTION = YES;
				GCC_WARN_UNUSED_VARIABLE = YES;
				IPHONEOS_DEPLOYMENT_TARGET = 14.5;
				MTL_ENABLE_DEBUG_INFO = INCLUDE_SOURCE;
				MTL_FAST_MATH = YES;
				ONLY_ACTIVE_ARCH = YES;
				SDKROOT = iphoneos;
				SWIFT_ACTIVE_COMPILATION_CONDITIONS = DEBUG;
				SWIFT_OPTIMIZATION_LEVEL = "-Onone";
			};
			name = Debug;
		};
		A920A1FB26A23FCA0014F76E /* Release */ = {
			isa = XCBuildConfiguration;
			buildSettings = {
				ALWAYS_SEARCH_USER_PATHS = NO;
				CLANG_ANALYZER_NONNULL = YES;
				CLANG_ANALYZER_NUMBER_OBJECT_CONVERSION = YES_AGGRESSIVE;
				CLANG_CXX_LANGUAGE_STANDARD = "gnu++14";
				CLANG_CXX_LIBRARY = "libc++";
				CLANG_ENABLE_MODULES = YES;
				CLANG_ENABLE_OBJC_ARC = YES;
				CLANG_ENABLE_OBJC_WEAK = YES;
				CLANG_WARN_BLOCK_CAPTURE_AUTORELEASING = YES;
				CLANG_WARN_BOOL_CONVERSION = YES;
				CLANG_WARN_COMMA = YES;
				CLANG_WARN_CONSTANT_CONVERSION = YES;
				CLANG_WARN_DEPRECATED_OBJC_IMPLEMENTATIONS = YES;
				CLANG_WARN_DIRECT_OBJC_ISA_USAGE = YES_ERROR;
				CLANG_WARN_DOCUMENTATION_COMMENTS = YES;
				CLANG_WARN_EMPTY_BODY = YES;
				CLANG_WARN_ENUM_CONVERSION = YES;
				CLANG_WARN_INFINITE_RECURSION = YES;
				CLANG_WARN_INT_CONVERSION = YES;
				CLANG_WARN_NON_LITERAL_NULL_CONVERSION = YES;
				CLANG_WARN_OBJC_IMPLICIT_RETAIN_SELF = YES;
				CLANG_WARN_OBJC_LITERAL_CONVERSION = YES;
				CLANG_WARN_OBJC_ROOT_CLASS = YES_ERROR;
				CLANG_WARN_QUOTED_INCLUDE_IN_FRAMEWORK_HEADER = YES;
				CLANG_WARN_RANGE_LOOP_ANALYSIS = YES;
				CLANG_WARN_STRICT_PROTOTYPES = YES;
				CLANG_WARN_SUSPICIOUS_MOVE = YES;
				CLANG_WARN_UNGUARDED_AVAILABILITY = YES_AGGRESSIVE;
				CLANG_WARN_UNREACHABLE_CODE = YES;
				CLANG_WARN__DUPLICATE_METHOD_MATCH = YES;
				COPY_PHASE_STRIP = NO;
				DEBUG_INFORMATION_FORMAT = "dwarf-with-dsym";
				ENABLE_NS_ASSERTIONS = NO;
				ENABLE_STRICT_OBJC_MSGSEND = YES;
				GCC_C_LANGUAGE_STANDARD = gnu11;
				GCC_NO_COMMON_BLOCKS = YES;
				GCC_WARN_64_TO_32_BIT_CONVERSION = YES;
				GCC_WARN_ABOUT_RETURN_TYPE = YES_ERROR;
				GCC_WARN_UNDECLARED_SELECTOR = YES;
				GCC_WARN_UNINITIALIZED_AUTOS = YES_AGGRESSIVE;
				GCC_WARN_UNUSED_FUNCTION = YES;
				GCC_WARN_UNUSED_VARIABLE = YES;
				IPHONEOS_DEPLOYMENT_TARGET = 14.5;
				MTL_ENABLE_DEBUG_INFO = NO;
				MTL_FAST_MATH = YES;
				SDKROOT = iphoneos;
				SWIFT_COMPILATION_MODE = wholemodule;
				SWIFT_OPTIMIZATION_LEVEL = "-O";
				VALIDATE_PRODUCT = YES;
			};
			name = Release;
		};
		A920A1FD26A23FCA0014F76E /* Debug */ = {
			isa = XCBuildConfiguration;
			buildSettings = {
				ASSETCATALOG_COMPILER_APPICON_NAME = AppIcon;
				ASSETCATALOG_COMPILER_GLOBAL_ACCENT_COLOR_NAME = AccentColor;
				CODE_SIGN_STYLE = Automatic;
				DEVELOPMENT_TEAM = T96J4T386J;
				INFOPLIST_FILE = "weather app/Info.plist";
				LD_RUNPATH_SEARCH_PATHS = (
					"$(inherited)",
					"@executable_path/Frameworks",
				);
				PRODUCT_BUNDLE_IDENTIFIER = "com.ballwebdev.weather-app";
				PRODUCT_NAME = "$(TARGET_NAME)";
				SWIFT_VERSION = 5.0;
				TARGETED_DEVICE_FAMILY = "1,2";
			};
			name = Debug;
		};
		A920A1FE26A23FCA0014F76E /* Release */ = {
			isa = XCBuildConfiguration;
			buildSettings = {
				ASSETCATALOG_COMPILER_APPICON_NAME = AppIcon;
				ASSETCATALOG_COMPILER_GLOBAL_ACCENT_COLOR_NAME = AccentColor;
				CODE_SIGN_STYLE = Automatic;
				DEVELOPMENT_TEAM = T96J4T386J;
				INFOPLIST_FILE = "weather app/Info.plist";
				LD_RUNPATH_SEARCH_PATHS = (
					"$(inherited)",
					"@executable_path/Frameworks",
				);
				PRODUCT_BUNDLE_IDENTIFIER = "com.ballwebdev.weather-app";
				PRODUCT_NAME = "$(TARGET_NAME)";
				SWIFT_VERSION = 5.0;
				TARGETED_DEVICE_FAMILY = "1,2";
			};
			name = Release;
		};
/* End XCBuildConfiguration section */

/* Begin XCConfigurationList section */
		A920A1E326A23FC80014F76E /* Build configuration list for PBXProject "weather app" */ = {
			isa = XCConfigurationList;
			buildConfigurations = (
				A920A1FA26A23FCA0014F76E /* Debug */,
				A920A1FB26A23FCA0014F76E /* Release */,
			);
			defaultConfigurationIsVisible = 0;
			defaultConfigurationName = Release;
		};
		A920A1FC26A23FCA0014F76E /* Build configuration list for PBXNativeTarget "weather app" */ = {
			isa = XCConfigurationList;
			buildConfigurations = (
				A920A1FD26A23FCA0014F76E /* Debug */,
				A920A1FE26A23FCA0014F76E /* Release */,
			);
			defaultConfigurationIsVisible = 0;
			defaultConfigurationName = Release;
		};
/* End XCConfigurationList section */
	};
	rootObject = A920A1E026A23FC80014F76E /* Project object */;
}
